
Microsoft Visual Studio Solution File, Format Version 12.00
# Visual Studio Version 17
VisualStudioVersion = 17.11.35208.52
MinimumVisualStudioVersion = 10.0.40219.1
Project("{FAE04EC0-301F-11D3-BF4B-00C04F79EFBC}") = "BallGames", "BallGames\BallGames.csproj", "{1CE91780-B165-426A-8B8B-67EBB263CFE6}"
EndProject
Global
	GlobalSection(SolutionConfigurationPlatforms) = preSolution
		Debug|Any CPU = Debug|Any CPU
		Release|Any CPU = Release|Any CPU
	EndGlobalSection
	GlobalSection(ProjectConfigurationPlatforms) = postSolution
		{1CE91780-B165-426A-8B8B-67EBB263CFE6}.Debug|Any CPU.ActiveCfg = Debug|Any CPU
		{1CE91780-B165-426A-8B8B-67EBB263CFE6}.Debug|Any CPU.Build.0 = Debug|Any CPU
		{1CE91780-B165-426A-8B8B-67EBB263CFE6}.Release|Any CPU.ActiveCfg = Release|Any CPU
		{1CE91780-B165-426A-8B8B-67EBB263CFE6}.Release|Any CPU.Build.0 = Release|Any CPU
	EndGlobalSection
	GlobalSection(SolutionProperties) = preSolution
		HideSolutionNode = FALSE
	EndGlobalSection
	GlobalSection(ExtensibilityGlobals) = postSolution
		SolutionGuid = {39141E12-FAE9-4761-A710-4AA4CED4A39D}
	EndGlobalSection
EndGlobal
