
Microsoft Visual Studio Solution File, Format Version 12.00
# Visual Studio Version 17
VisualStudioVersion = 17.11.35208.52
MinimumVisualStudioVersion = 10.0.40219.1
Project("{9A19103F-16F7-4668-BE54-9A1E7A4F7556}") = "CatchMe_WinFormsGame", "BallGames\CatchMe_WinFormsGame.csproj", "{1CE91780-B165-426A-8B8B-67EBB263CFE6}"
EndProject
Project("{FAE04EC0-301F-11D3-BF4B-00C04F79EFBC}") = "BallGame.Common", "BallGame.Common\BallGame.Common.csproj", "{C1F90CC6-3E34-4CA0-9713-981B443B96D5}"
EndProject
Project("{FAE04EC0-301F-11D3-BF4B-00C04F79EFBC}") = "BallGames.Common", "BallGames.Common\BallGames.Common.csproj", "{AF75C5F9-EBAC-4DEE-A0FB-09B300761C1F}"
EndProject
Project("{FAE04EC0-301F-11D3-BF4B-00C04F79EFBC}") = "BilliardBalls_WinForms", "BilliardBalls_WinForms\BilliardBalls_WinForms.csproj", "{8365E7AB-825F-40C3-A86B-ACB25B735661}"
EndProject
Global
	GlobalSection(SolutionConfigurationPlatforms) = preSolution
		Debug|Any CPU = Debug|Any CPU
		Release|Any CPU = Release|Any CPU
	EndGlobalSection
	GlobalSection(ProjectConfigurationPlatforms) = postSolution
		{1CE91780-B165-426A-8B8B-67EBB263CFE6}.Debug|Any CPU.ActiveCfg = Debug|Any CPU
		{1CE91780-B165-426A-8B8B-67EBB263CFE6}.Debug|Any CPU.Build.0 = Debug|Any CPU
		{1CE91780-B165-426A-8B8B-67EBB263CFE6}.Release|Any CPU.ActiveCfg = Release|Any CPU
		{1CE91780-B165-426A-8B8B-67EBB263CFE6}.Release|Any CPU.Build.0 = Release|Any CPU
		{C1F90CC6-3E34-4CA0-9713-981B443B96D5}.Debug|Any CPU.ActiveCfg = Debug|Any CPU
		{C1F90CC6-3E34-4CA0-9713-981B443B96D5}.Debug|Any CPU.Build.0 = Debug|Any CPU
		{C1F90CC6-3E34-4CA0-9713-981B443B96D5}.Release|Any CPU.ActiveCfg = Release|Any CPU
		{C1F90CC6-3E34-4CA0-9713-981B443B96D5}.Release|Any CPU.Build.0 = Release|Any CPU
		{AF75C5F9-EBAC-4DEE-A0FB-09B300761C1F}.Debug|Any CPU.ActiveCfg = Debug|Any CPU
		{AF75C5F9-EBAC-4DEE-A0FB-09B300761C1F}.Debug|Any CPU.Build.0 = Debug|Any CPU
		{AF75C5F9-EBAC-4DEE-A0FB-09B300761C1F}.Release|Any CPU.ActiveCfg = Release|Any CPU
		{AF75C5F9-EBAC-4DEE-A0FB-09B300761C1F}.Release|Any CPU.Build.0 = Release|Any CPU
		{8365E7AB-825F-40C3-A86B-ACB25B735661}.Debug|Any CPU.ActiveCfg = Debug|Any CPU
		{8365E7AB-825F-40C3-A86B-ACB25B735661}.Debug|Any CPU.Build.0 = Debug|Any CPU
		{8365E7AB-825F-40C3-A86B-ACB25B735661}.Release|Any CPU.ActiveCfg = Release|Any CPU
		{8365E7AB-825F-40C3-A86B-ACB25B735661}.Release|Any CPU.Build.0 = Release|Any CPU
	EndGlobalSection
	GlobalSection(SolutionProperties) = preSolution
		HideSolutionNode = FALSE
	EndGlobalSection
	GlobalSection(ExtensibilityGlobals) = postSolution
		SolutionGuid = {39141E12-FAE9-4761-A710-4AA4CED4A39D}
	EndGlobalSection
EndGlobal
